
Microsoft Visual Studio Solution File, Format Version 12.00
# Visual Studio Version 16
VisualStudioVersion = 16.0.31112.23
MinimumVisualStudioVersion = 10.0.40219.1
Project("{FAE04EC0-301F-11D3-BF4B-00C04F79EFBC}") = "AspNetCoreODataHello", "AspNetCoreODataHello\AspNetCoreODataHello.csproj", "{D32E9C26-CD5D-47BD-BE2D-2881364B4233}"
EndProject
Global
	GlobalSection(SolutionConfigurationPlatforms) = preSolution
		Debug|Any CPU = Debug|Any CPU
		Release|Any CPU = Release|Any CPU
	EndGlobalSection
	GlobalSection(ProjectConfigurationPlatforms) = postSolution
		{D32E9C26-CD5D-47BD-BE2D-2881364B4233}.Debug|Any CPU.ActiveCfg = Debug|Any CPU
		{D32E9C26-CD5D-47BD-BE2D-2881364B4233}.Debug|Any CPU.Build.0 = Debug|Any CPU
		{D32E9C26-CD5D-47BD-BE2D-2881364B4233}.Release|Any CPU.ActiveCfg = Release|Any CPU
		{D32E9C26-CD5D-47BD-BE2D-2881364B4233}.Release|Any CPU.Build.0 = Release|Any CPU
	EndGlobalSection
	GlobalSection(SolutionProperties) = preSolution
		HideSolutionNode = FALSE
	EndGlobalSection
	GlobalSection(ExtensibilityGlobals) = postSolution
		SolutionGuid = {2CDAA155-5E70-4C14-983C-5D7E5EAC9394}
	EndGlobalSection
EndGlobal
