
Microsoft Visual Studio Solution File, Format Version 12.00
# Visual Studio Version 16
VisualStudioVersion = 16.0.29609.76
MinimumVisualStudioVersion = 10.0.40219.1
Project("{FAE04EC0-301F-11D3-BF4B-00C04F79EFBC}") = "DapperContribExercise", "DapperSqliteExercise\DapperContribExercise.csproj", "{A229FD9D-CB47-428A-8BE3-3542E4B38037}"
EndProject
Global
	GlobalSection(SolutionConfigurationPlatforms) = preSolution
		Debug|Any CPU = Debug|Any CPU
		Release|Any CPU = Release|Any CPU
	EndGlobalSection
	GlobalSection(ProjectConfigurationPlatforms) = postSolution
		{A229FD9D-CB47-428A-8BE3-3542E4B38037}.Debug|Any CPU.ActiveCfg = Debug|Any CPU
		{A229FD9D-CB47-428A-8BE3-3542E4B38037}.Debug|Any CPU.Build.0 = Debug|Any CPU
		{A229FD9D-CB47-428A-8BE3-3542E4B38037}.Release|Any CPU.ActiveCfg = Release|Any CPU
		{A229FD9D-CB47-428A-8BE3-3542E4B38037}.Release|Any CPU.Build.0 = Release|Any CPU
	EndGlobalSection
	GlobalSection(SolutionProperties) = preSolution
		HideSolutionNode = FALSE
	EndGlobalSection
	GlobalSection(ExtensibilityGlobals) = postSolution
		SolutionGuid = {FCD7334A-812A-440B-91F5-5DB447BE9CBC}
	EndGlobalSection
EndGlobal
